
Microsoft Visual Studio Solution File, Format Version 12.00
# Visual Studio 14
VisualStudioVersion = 14.0.24720.0
MinimumVisualStudioVersion = 10.0.40219.1
Project("{2150E333-8FDC-42A3-9474-1A3956D46DE8}") = "katas", "katas", "{D86EA90F-C32E-4371-87B1-300AE73363C8}"
EndProject
Project("{FAE04EC0-301F-11D3-BF4B-00C04F79EFBC}") = "Katas.NUnit", "test\nunit\Katas.NUnit.csproj", "{2A214697-660B-4155-9D47-05B29937A8FD}"
EndProject
Project("{FAE04EC0-301F-11D3-BF4B-00C04F79EFBC}") = "Katas.Experiments", "test\experiments\Katas.Experiments.csproj", "{4FE824C2-B2D4-4D0C-8F75-E595A3F002B7}"
EndProject
Global
	GlobalSection(SolutionConfigurationPlatforms) = preSolution
		Debug|Any CPU = Debug|Any CPU
		Release|Any CPU = Release|Any CPU
	EndGlobalSection
	GlobalSection(ProjectConfigurationPlatforms) = postSolution
		{2A214697-660B-4155-9D47-05B29937A8FD}.Debug|Any CPU.ActiveCfg = Debug|Any CPU
		{2A214697-660B-4155-9D47-05B29937A8FD}.Debug|Any CPU.Build.0 = Debug|Any CPU
		{2A214697-660B-4155-9D47-05B29937A8FD}.Release|Any CPU.ActiveCfg = Release|Any CPU
		{2A214697-660B-4155-9D47-05B29937A8FD}.Release|Any CPU.Build.0 = Release|Any CPU
		{4FE824C2-B2D4-4D0C-8F75-E595A3F002B7}.Debug|Any CPU.ActiveCfg = Debug|Any CPU
		{4FE824C2-B2D4-4D0C-8F75-E595A3F002B7}.Debug|Any CPU.Build.0 = Debug|Any CPU
		{4FE824C2-B2D4-4D0C-8F75-E595A3F002B7}.Release|Any CPU.ActiveCfg = Release|Any CPU
		{4FE824C2-B2D4-4D0C-8F75-E595A3F002B7}.Release|Any CPU.Build.0 = Release|Any CPU
	EndGlobalSection
	GlobalSection(SolutionProperties) = preSolution
		HideSolutionNode = FALSE
	EndGlobalSection
	GlobalSection(NestedProjects) = preSolution
		{2A214697-660B-4155-9D47-05B29937A8FD} = {D86EA90F-C32E-4371-87B1-300AE73363C8}
		{4FE824C2-B2D4-4D0C-8F75-E595A3F002B7} = {D86EA90F-C32E-4371-87B1-300AE73363C8}
	EndGlobalSection
EndGlobal
