
Microsoft Visual Studio Solution File, Format Version 12.00
# Visual Studio 14
VisualStudioVersion = 14.0.25420.1
MinimumVisualStudioVersion = 10.0.40219.1
Project("{2150E333-8FDC-42A3-9474-1A3956D46DE8}") = "katas", "katas", "{D86EA90F-C32E-4371-87B1-300AE73363C8}"
EndProject
Project("{FAE04EC0-301F-11D3-BF4B-00C04F79EFBC}") = "Katas.NUnit", "test\nunit\Katas.NUnit.csproj", "{2A214697-660B-4155-9D47-05B29937A8FD}"
EndProject
Project("{FAE04EC0-301F-11D3-BF4B-00C04F79EFBC}") = "Katas.Experiments", "test\experiments\Katas.Experiments.csproj", "{4FE824C2-B2D4-4D0C-8F75-E595A3F002B7}"
EndProject
Project("{FAE04EC0-301F-11D3-BF4B-00C04F79EFBC}") = "Katas.Labyrinth", "src\Labyrinth\Katas.Labyrinth.csproj", "{C8CD4CC6-A6B5-4DCB-A5FB-5B527A341238}"
EndProject
Project("{2150E333-8FDC-42A3-9474-1A3956D46DE8}") = "console", "console", "{7724FB47-346F-45DE-8C5B-12D947EF7DF4}"
EndProject
Project("{FAE04EC0-301F-11D3-BF4B-00C04F79EFBC}") = "Katas.Labyrinth.ConsoleApp", "test\console\Katas.Labyrinth.Console\Katas.Labyrinth.ConsoleApp.csproj", "{2F564155-4B50-4343-8D7F-939B86D66AE4}"
EndProject
Project("{FAE04EC0-301F-11D3-BF4B-00C04F79EFBC}") = "MyTestConsole", "MyTestConsole\MyTestConsole.csproj", "{23FE466C-EE9B-4458-BFD4-25784C251295}"
EndProject
Global
	GlobalSection(SolutionConfigurationPlatforms) = preSolution
		Debug|Any CPU = Debug|Any CPU
		Release|Any CPU = Release|Any CPU
	EndGlobalSection
	GlobalSection(ProjectConfigurationPlatforms) = postSolution
		{2A214697-660B-4155-9D47-05B29937A8FD}.Debug|Any CPU.ActiveCfg = Debug|Any CPU
		{2A214697-660B-4155-9D47-05B29937A8FD}.Debug|Any CPU.Build.0 = Debug|Any CPU
		{2A214697-660B-4155-9D47-05B29937A8FD}.Release|Any CPU.ActiveCfg = Release|Any CPU
		{2A214697-660B-4155-9D47-05B29937A8FD}.Release|Any CPU.Build.0 = Release|Any CPU
		{4FE824C2-B2D4-4D0C-8F75-E595A3F002B7}.Debug|Any CPU.ActiveCfg = Debug|Any CPU
		{4FE824C2-B2D4-4D0C-8F75-E595A3F002B7}.Debug|Any CPU.Build.0 = Debug|Any CPU
		{4FE824C2-B2D4-4D0C-8F75-E595A3F002B7}.Release|Any CPU.ActiveCfg = Release|Any CPU
		{4FE824C2-B2D4-4D0C-8F75-E595A3F002B7}.Release|Any CPU.Build.0 = Release|Any CPU
		{C8CD4CC6-A6B5-4DCB-A5FB-5B527A341238}.Debug|Any CPU.ActiveCfg = Debug|Any CPU
		{C8CD4CC6-A6B5-4DCB-A5FB-5B527A341238}.Debug|Any CPU.Build.0 = Debug|Any CPU
		{C8CD4CC6-A6B5-4DCB-A5FB-5B527A341238}.Release|Any CPU.ActiveCfg = Release|Any CPU
		{C8CD4CC6-A6B5-4DCB-A5FB-5B527A341238}.Release|Any CPU.Build.0 = Release|Any CPU
		{2F564155-4B50-4343-8D7F-939B86D66AE4}.Debug|Any CPU.ActiveCfg = Debug|Any CPU
		{2F564155-4B50-4343-8D7F-939B86D66AE4}.Debug|Any CPU.Build.0 = Debug|Any CPU
		{2F564155-4B50-4343-8D7F-939B86D66AE4}.Release|Any CPU.ActiveCfg = Release|Any CPU
		{2F564155-4B50-4343-8D7F-939B86D66AE4}.Release|Any CPU.Build.0 = Release|Any CPU
		{23FE466C-EE9B-4458-BFD4-25784C251295}.Debug|Any CPU.ActiveCfg = Debug|Any CPU
		{23FE466C-EE9B-4458-BFD4-25784C251295}.Debug|Any CPU.Build.0 = Debug|Any CPU
		{23FE466C-EE9B-4458-BFD4-25784C251295}.Release|Any CPU.ActiveCfg = Release|Any CPU
		{23FE466C-EE9B-4458-BFD4-25784C251295}.Release|Any CPU.Build.0 = Release|Any CPU
	EndGlobalSection
	GlobalSection(SolutionProperties) = preSolution
		HideSolutionNode = FALSE
	EndGlobalSection
	GlobalSection(NestedProjects) = preSolution
		{2A214697-660B-4155-9D47-05B29937A8FD} = {D86EA90F-C32E-4371-87B1-300AE73363C8}
		{4FE824C2-B2D4-4D0C-8F75-E595A3F002B7} = {D86EA90F-C32E-4371-87B1-300AE73363C8}
		{C8CD4CC6-A6B5-4DCB-A5FB-5B527A341238} = {D86EA90F-C32E-4371-87B1-300AE73363C8}
		{2F564155-4B50-4343-8D7F-939B86D66AE4} = {7724FB47-346F-45DE-8C5B-12D947EF7DF4}
	EndGlobalSection
EndGlobal
